{
  "version": 4,
  "terraform_version": "1.14.8",
  "serial": 1,
  "lineage": "b0ea0688-3206-435b-8b8d-5edb3888b60b",
  "outputs": {},
  "resources": [
    {
      "mode": "managed",
      "type": "local_file",
      "name": "devops_log",
      "provider": "provider[\"registry.terraform.io/hashicorp/local\"]",
      "instances": [
        {
          "schema_version": 0,
          "attributes": {
            "content": "Terraform managed this file on April 17, 2026.",
            "content_base64": null,
            "content_base64sha256": "G4RU3lJRcNPR6xmXUA0qvl0M34GxrIzTK4nG4mxy04I=",
            "content_base64sha512": "NU/s8z53SRWGJpg0gBQxmJKOL5cGbS88P/MwsXD7SebtVXeGIgioPlV04oK5LiVv2fbgxSmTBouyYFyVUrlkjw==",
            "content_md5": "b29def365178a58afa8c5fd750ab07d6",
            "content_sha1": "0b0c06e6cedaa266056160591bd1461ed432fab6",
            "content_sha256": "1b8454de525170d3d1eb1997500d2abe5d0cdf81b1ac8cd32b89c6e26c72d382",
            "content_sha512": "354fecf33e7749158626983480143198928e2f97066d2f3c3ff330b170fb49e6ed5577862208a83e5574e282b92e256fd9f6e0c52993068bb2605c9552b9648f",
            "directory_permission": "0777",
            "file_permission": "0777",
            "filename": "./day12_check.txt",
            "id": "0b0c06e6cedaa266056160591bd1461ed432fab6",
            "sensitive_content": null,
            "source": null
          },
          "sensitive_attributes": [
            [
              {
                "type": "get_attr",
                "value": "sensitive_content"
              }
            ]
          ],
          "identity_schema_version": 0
        }
      ]
    }
  ],
  "check_results": null
}
